
Microsoft Visual Studio Solution File, Format Version 12.00
# Visual Studio Version 17
VisualStudioVersion = 17.3.32825.248
MinimumVisualStudioVersion = 10.0.40219.1
Project("{54A90642-561A-4BB1-A94E-469ADEE60C69}") = "T-Al-D-WebPortfolio", "T-Al-D-WebPortfolio.esproj", "{15EE189D-46F6-49FD-9B5B-AB664E1B3A3E}"
EndProject
Global
	GlobalSection(SolutionConfigurationPlatforms) = preSolution
		Debug|Any CPU = Debug|Any CPU
		Release|Any CPU = Release|Any CPU
	EndGlobalSection
	GlobalSection(ProjectConfigurationPlatforms) = postSolution
		{15EE189D-46F6-49FD-9B5B-AB664E1B3A3E}.Debug|Any CPU.ActiveCfg = Debug|Any CPU
		{15EE189D-46F6-49FD-9B5B-AB664E1B3A3E}.Debug|Any CPU.Build.0 = Debug|Any CPU
		{15EE189D-46F6-49FD-9B5B-AB664E1B3A3E}.Debug|Any CPU.Deploy.0 = Debug|Any CPU
		{15EE189D-46F6-49FD-9B5B-AB664E1B3A3E}.Release|Any CPU.ActiveCfg = Release|Any CPU
		{15EE189D-46F6-49FD-9B5B-AB664E1B3A3E}.Release|Any CPU.Build.0 = Release|Any CPU
		{15EE189D-46F6-49FD-9B5B-AB664E1B3A3E}.Release|Any CPU.Deploy.0 = Release|Any CPU
	EndGlobalSection
	GlobalSection(SolutionProperties) = preSolution
		HideSolutionNode = FALSE
	EndGlobalSection
	GlobalSection(ExtensibilityGlobals) = postSolution
		SolutionGuid = {29AB559D-382B-44DE-88A9-F03EB65A4A45}
	EndGlobalSection
EndGlobal
